
Microsoft Visual Studio Solution File, Format Version 12.00
# Visual Studio Version 17
VisualStudioVersion = 17.8.34309.116
MinimumVisualStudioVersion = 10.0.40219.1
Project("{FAE04EC0-301F-11D3-BF4B-00C04F79EFBC}") = "WakfuScrapper", "WakfuScrapper\WakfuScrapper.csproj", "{E7C75648-291B-4626-B174-2D0F604ED018}"
EndProject
Project("{FAE04EC0-301F-11D3-BF4B-00C04F79EFBC}") = "WakfuScrapper.Client", "WakfuScrapper.Client\WakfuScrapper.Client.csproj", "{110D648C-8690-4F02-920C-21892ACB0241}"
EndProject
Project("{FAE04EC0-301F-11D3-BF4B-00C04F79EFBC}") = "WakfuScrapper.Domain", "WakfuScrapper.Domain\WakfuScrapper.Domain.csproj", "{ADD838E7-2430-468D-8580-45E35BCF14C2}"
EndProject
Project("{FAE04EC0-301F-11D3-BF4B-00C04F79EFBC}") = "WakfuScrapper.Api", "WakfuScrapper.Api\WakfuScrapper.Api.csproj", "{E179E23F-C081-4068-85FA-05CBE89E90B9}"
EndProject
Global
	GlobalSection(SolutionConfigurationPlatforms) = preSolution
		Debug|Any CPU = Debug|Any CPU
		Release|Any CPU = Release|Any CPU
	EndGlobalSection
	GlobalSection(ProjectConfigurationPlatforms) = postSolution
		{E7C75648-291B-4626-B174-2D0F604ED018}.Debug|Any CPU.ActiveCfg = Debug|Any CPU
		{E7C75648-291B-4626-B174-2D0F604ED018}.Debug|Any CPU.Build.0 = Debug|Any CPU
		{E7C75648-291B-4626-B174-2D0F604ED018}.Release|Any CPU.ActiveCfg = Release|Any CPU
		{E7C75648-291B-4626-B174-2D0F604ED018}.Release|Any CPU.Build.0 = Release|Any CPU
		{110D648C-8690-4F02-920C-21892ACB0241}.Debug|Any CPU.ActiveCfg = Debug|Any CPU
		{110D648C-8690-4F02-920C-21892ACB0241}.Debug|Any CPU.Build.0 = Debug|Any CPU
		{110D648C-8690-4F02-920C-21892ACB0241}.Release|Any CPU.ActiveCfg = Release|Any CPU
		{110D648C-8690-4F02-920C-21892ACB0241}.Release|Any CPU.Build.0 = Release|Any CPU
		{ADD838E7-2430-468D-8580-45E35BCF14C2}.Debug|Any CPU.ActiveCfg = Debug|Any CPU
		{ADD838E7-2430-468D-8580-45E35BCF14C2}.Debug|Any CPU.Build.0 = Debug|Any CPU
		{ADD838E7-2430-468D-8580-45E35BCF14C2}.Release|Any CPU.ActiveCfg = Release|Any CPU
		{ADD838E7-2430-468D-8580-45E35BCF14C2}.Release|Any CPU.Build.0 = Release|Any CPU
		{E179E23F-C081-4068-85FA-05CBE89E90B9}.Debug|Any CPU.ActiveCfg = Debug|Any CPU
		{E179E23F-C081-4068-85FA-05CBE89E90B9}.Debug|Any CPU.Build.0 = Debug|Any CPU
		{E179E23F-C081-4068-85FA-05CBE89E90B9}.Release|Any CPU.ActiveCfg = Release|Any CPU
		{E179E23F-C081-4068-85FA-05CBE89E90B9}.Release|Any CPU.Build.0 = Release|Any CPU
	EndGlobalSection
	GlobalSection(SolutionProperties) = preSolution
		HideSolutionNode = FALSE
	EndGlobalSection
	GlobalSection(ExtensibilityGlobals) = postSolution
		SolutionGuid = {F7D5BBC8-181D-4B5E-9ABC-58C6BB3B298C}
	EndGlobalSection
EndGlobal
